
Microsoft Visual Studio Solution File, Format Version 12.00
# Visual Studio Version 17
VisualStudioVersion = 17.3.32929.385
MinimumVisualStudioVersion = 10.0.40219.1
Project("{FAE04EC0-301F-11D3-BF4B-00C04F79EFBC}") = "AssociativeArrays-Lab", "AssociativeArrays-Lab\AssociativeArrays-Lab.csproj", "{4264AAAF-D6BD-4348-899E-9821D3D327BD}"
EndProject
Project("{FAE04EC0-301F-11D3-BF4B-00C04F79EFBC}") = "01.CountRealNumbers", "01.CountRealNumbers\01.CountRealNumbers.csproj", "{888009B4-64A5-497A-B177-FADAAF33E004}"
EndProject
Project("{FAE04EC0-301F-11D3-BF4B-00C04F79EFBC}") = "02.OddOccurrences", "02.OddOccurrences\02.OddOccurrences.csproj", "{CBA3B183-711A-4F9E-9AEC-281B19A515D2}"
EndProject
Project("{FAE04EC0-301F-11D3-BF4B-00C04F79EFBC}") = "03.WordSynonyms", "03.WordSynonyms\03.WordSynonyms.csproj", "{44999003-F59D-4E98-B48E-19EA7F63869A}"
EndProject
Project("{FAE04EC0-301F-11D3-BF4B-00C04F79EFBC}") = "04.WordFilter", "04.WordFilter\04.WordFilter.csproj", "{C5AD298E-3514-4FB7-A5F3-BA639ACB6A1F}"
EndProject
Global
	GlobalSection(SolutionConfigurationPlatforms) = preSolution
		Debug|Any CPU = Debug|Any CPU
		Release|Any CPU = Release|Any CPU
	EndGlobalSection
	GlobalSection(ProjectConfigurationPlatforms) = postSolution
		{4264AAAF-D6BD-4348-899E-9821D3D327BD}.Debug|Any CPU.ActiveCfg = Debug|Any CPU
		{4264AAAF-D6BD-4348-899E-9821D3D327BD}.Debug|Any CPU.Build.0 = Debug|Any CPU
		{4264AAAF-D6BD-4348-899E-9821D3D327BD}.Release|Any CPU.ActiveCfg = Release|Any CPU
		{4264AAAF-D6BD-4348-899E-9821D3D327BD}.Release|Any CPU.Build.0 = Release|Any CPU
		{888009B4-64A5-497A-B177-FADAAF33E004}.Debug|Any CPU.ActiveCfg = Debug|Any CPU
		{888009B4-64A5-497A-B177-FADAAF33E004}.Debug|Any CPU.Build.0 = Debug|Any CPU
		{888009B4-64A5-497A-B177-FADAAF33E004}.Release|Any CPU.ActiveCfg = Release|Any CPU
		{888009B4-64A5-497A-B177-FADAAF33E004}.Release|Any CPU.Build.0 = Release|Any CPU
		{CBA3B183-711A-4F9E-9AEC-281B19A515D2}.Debug|Any CPU.ActiveCfg = Debug|Any CPU
		{CBA3B183-711A-4F9E-9AEC-281B19A515D2}.Debug|Any CPU.Build.0 = Debug|Any CPU
		{CBA3B183-711A-4F9E-9AEC-281B19A515D2}.Release|Any CPU.ActiveCfg = Release|Any CPU
		{CBA3B183-711A-4F9E-9AEC-281B19A515D2}.Release|Any CPU.Build.0 = Release|Any CPU
		{44999003-F59D-4E98-B48E-19EA7F63869A}.Debug|Any CPU.ActiveCfg = Debug|Any CPU
		{44999003-F59D-4E98-B48E-19EA7F63869A}.Debug|Any CPU.Build.0 = Debug|Any CPU
		{44999003-F59D-4E98-B48E-19EA7F63869A}.Release|Any CPU.ActiveCfg = Release|Any CPU
		{44999003-F59D-4E98-B48E-19EA7F63869A}.Release|Any CPU.Build.0 = Release|Any CPU
		{C5AD298E-3514-4FB7-A5F3-BA639ACB6A1F}.Debug|Any CPU.ActiveCfg = Debug|Any CPU
		{C5AD298E-3514-4FB7-A5F3-BA639ACB6A1F}.Debug|Any CPU.Build.0 = Debug|Any CPU
		{C5AD298E-3514-4FB7-A5F3-BA639ACB6A1F}.Release|Any CPU.ActiveCfg = Release|Any CPU
		{C5AD298E-3514-4FB7-A5F3-BA639ACB6A1F}.Release|Any CPU.Build.0 = Release|Any CPU
	EndGlobalSection
	GlobalSection(SolutionProperties) = preSolution
		HideSolutionNode = FALSE
	EndGlobalSection
	GlobalSection(ExtensibilityGlobals) = postSolution
		SolutionGuid = {1F932E01-6345-490C-9793-DB7BFE25E68E}
	EndGlobalSection
EndGlobal
